
Microsoft Visual Studio Solution File, Format Version 12.00
# Visual Studio Version 17
VisualStudioVersion = 17.11.35327.3
MinimumVisualStudioVersion = 10.0.40219.1
Project("{FAE04EC0-301F-11D3-BF4B-00C04F79EFBC}") = "2.operadores", "2.operadores\2.operadores.csproj", "{B534BBDE-17F7-4DCC-BCBB-D1F664C8E186}"
EndProject
Global
	GlobalSection(SolutionConfigurationPlatforms) = preSolution
		Debug|Any CPU = Debug|Any CPU
		Release|Any CPU = Release|Any CPU
	EndGlobalSection
	GlobalSection(ProjectConfigurationPlatforms) = postSolution
		{B534BBDE-17F7-4DCC-BCBB-D1F664C8E186}.Debug|Any CPU.ActiveCfg = Debug|Any CPU
		{B534BBDE-17F7-4DCC-BCBB-D1F664C8E186}.Debug|Any CPU.Build.0 = Debug|Any CPU
		{B534BBDE-17F7-4DCC-BCBB-D1F664C8E186}.Release|Any CPU.ActiveCfg = Release|Any CPU
		{B534BBDE-17F7-4DCC-BCBB-D1F664C8E186}.Release|Any CPU.Build.0 = Release|Any CPU
	EndGlobalSection
	GlobalSection(SolutionProperties) = preSolution
		HideSolutionNode = FALSE
	EndGlobalSection
	GlobalSection(ExtensibilityGlobals) = postSolution
		SolutionGuid = {213E5FF0-4C17-4244-8585-D9032F6FE4EA}
	EndGlobalSection
EndGlobal
